
Microsoft Visual Studio Solution File, Format Version 12.00
# Visual Studio 15
VisualStudioVersion = 15.0.28307.645
MinimumVisualStudioVersion = 10.0.40219.1
Project("{FAE04EC0-301F-11D3-BF4B-00C04F79EFBC}") = "promovil_rest", "promovil_rest\promovil_rest.csproj", "{0A122B5B-834F-40E6-AE41-C4EE2402CFE8}"
EndProject
Project("{FAE04EC0-301F-11D3-BF4B-00C04F79EFBC}") = "promovil_reporte", "promovil_reporte\promovil_reporte.csproj", "{CD037ECD-CB77-46AB-BDF2-EBB1985236C2}"
EndProject
Project("{FAE04EC0-301F-11D3-BF4B-00C04F79EFBC}") = "ConsoleApp1", "ConsoleApp1\ConsoleApp1.csproj", "{9D6FBB16-32B3-4D55-A12F-064B6176036F}"
EndProject
Global
	GlobalSection(SolutionConfigurationPlatforms) = preSolution
		Debug|Any CPU = Debug|Any CPU
		Release|Any CPU = Release|Any CPU
	EndGlobalSection
	GlobalSection(ProjectConfigurationPlatforms) = postSolution
		{0A122B5B-834F-40E6-AE41-C4EE2402CFE8}.Debug|Any CPU.ActiveCfg = Debug|Any CPU
		{0A122B5B-834F-40E6-AE41-C4EE2402CFE8}.Debug|Any CPU.Build.0 = Debug|Any CPU
		{0A122B5B-834F-40E6-AE41-C4EE2402CFE8}.Release|Any CPU.ActiveCfg = Release|Any CPU
		{0A122B5B-834F-40E6-AE41-C4EE2402CFE8}.Release|Any CPU.Build.0 = Release|Any CPU
		{CD037ECD-CB77-46AB-BDF2-EBB1985236C2}.Debug|Any CPU.ActiveCfg = Debug|Any CPU
		{CD037ECD-CB77-46AB-BDF2-EBB1985236C2}.Debug|Any CPU.Build.0 = Debug|Any CPU
		{CD037ECD-CB77-46AB-BDF2-EBB1985236C2}.Release|Any CPU.ActiveCfg = Release|Any CPU
		{CD037ECD-CB77-46AB-BDF2-EBB1985236C2}.Release|Any CPU.Build.0 = Release|Any CPU
		{9D6FBB16-32B3-4D55-A12F-064B6176036F}.Debug|Any CPU.ActiveCfg = Debug|Any CPU
		{9D6FBB16-32B3-4D55-A12F-064B6176036F}.Debug|Any CPU.Build.0 = Debug|Any CPU
		{9D6FBB16-32B3-4D55-A12F-064B6176036F}.Release|Any CPU.ActiveCfg = Release|Any CPU
		{9D6FBB16-32B3-4D55-A12F-064B6176036F}.Release|Any CPU.Build.0 = Release|Any CPU
	EndGlobalSection
	GlobalSection(SolutionProperties) = preSolution
		HideSolutionNode = FALSE
	EndGlobalSection
	GlobalSection(ExtensibilityGlobals) = postSolution
		SolutionGuid = {0F2C279E-0107-43ED-BA8C-4AFF9E9234BE}
	EndGlobalSection
EndGlobal
